
Microsoft Visual Studio Solution File, Format Version 12.00
# Visual Studio Version 17
VisualStudioVersion = 17.1.32328.378
MinimumVisualStudioVersion = 10.0.40219.1
Project("{FAE04EC0-301F-11D3-BF4B-00C04F79EFBC}") = "WindowsAutoClickerLibrary", "WindowsAutoClickerLibrary.csproj", "{EA13F9E2-9100-485B-B104-AB8293E5D881}"
EndProject
Global
	GlobalSection(SolutionConfigurationPlatforms) = preSolution
		Debug|Any CPU = Debug|Any CPU
		Release|Any CPU = Release|Any CPU
	EndGlobalSection
	GlobalSection(ProjectConfigurationPlatforms) = postSolution
		{EA13F9E2-9100-485B-B104-AB8293E5D881}.Debug|Any CPU.ActiveCfg = Debug|Any CPU
		{EA13F9E2-9100-485B-B104-AB8293E5D881}.Debug|Any CPU.Build.0 = Debug|Any CPU
		{EA13F9E2-9100-485B-B104-AB8293E5D881}.Release|Any CPU.ActiveCfg = Release|Any CPU
		{EA13F9E2-9100-485B-B104-AB8293E5D881}.Release|Any CPU.Build.0 = Release|Any CPU
	EndGlobalSection
	GlobalSection(SolutionProperties) = preSolution
		HideSolutionNode = FALSE
	EndGlobalSection
	GlobalSection(ExtensibilityGlobals) = postSolution
		SolutionGuid = {3365A5C3-1EB1-4687-96CA-60F1E1B89ED4}
	EndGlobalSection
EndGlobal
